// !$*UTF8*$!
{
	archiveVersion = 1;
	classes = {
	};
	objectVersion = 46;
	objects = {

/* Begin PBXBuildFile section */
		580DBE511C25A0DC00D1822B /* Snow.sks in Resources */ = {isa = PBXBuildFile; fileRef = 580DBE501C25A0DB00D1822B /* Snow.sks */; };
		584AA1DF1BDD1C3A0045E6CA /* AdSupport.framework in Frameworks */ = {isa = PBXBuildFile; fileRef = 584AA1DE1BDD1C3A0045E6CA /* AdSupport.framework */; };
		584AA1E11BDD1C410045E6CA /* AudioToolbox.framework in Frameworks */ = {isa = PBXBuildFile; fileRef = 584AA1E01BDD1C410045E6CA /* AudioToolbox.framework */; };
		584AA1E31BDD1C480045E6CA /* CoreGraphics.framework in Frameworks */ = {isa = PBXBuildFile; fileRef = 584AA1E21BDD1C480045E6CA /* CoreGraphics.framework */; };
		584AA1E51BDD1C4F0045E6CA /* CoreTelephony.framework in Frameworks */ = {isa = PBXBuildFile; fileRef = 584AA1E41BDD1C4F0045E6CA /* CoreTelephony.framework */; };
		584AA1E81BDD1C5D0045E6CA /* EventKit.framework in Frameworks */ = {isa = PBXBuildFile; fileRef = 584AA1E61BDD1C5D0045E6CA /* EventKit.framework */; };
		584AA1E91BDD1C5D0045E6CA /* EventKitUI.framework in Frameworks */ = {isa = PBXBuildFile; fileRef = 584AA1E71BDD1C5D0045E6CA /* EventKitUI.framework */; };
		584AA1EB1BDD1C630045E6CA /* MessageUI.framework in Frameworks */ = {isa = PBXBuildFile; fileRef = 584AA1EA1BDD1C630045E6CA /* MessageUI.framework */; };
		584AA1ED1BDD1C6C0045E6CA /* StoreKit.framework in Frameworks */ = {isa = PBXBuildFile; fileRef = 584AA1EC1BDD1C6C0045E6CA /* StoreKit.framework */; };
		584AA1EF1BDD1C710045E6CA /* SystemConfiguration.framework in Frameworks */ = {isa = PBXBuildFile; fileRef = 584AA1EE1BDD1C710045E6CA /* SystemConfiguration.framework */; };
		58679E1B1C25B29E00D86008 /* GoogleMobileAds.framework in Frameworks */ = {isa = PBXBuildFile; fileRef = 58679E1A1C25B29E00D86008 /* GoogleMobileAds.framework */; };
		588CFE861B8002E600916017 /* Ball_Shot.wav in Resources */ = {isa = PBXBuildFile; fileRef = 588CFE851B8002E600916017 /* Ball_Shot.wav */; };
		588CFE891B80030A00916017 /* music_standard.mp3 in Resources */ = {isa = PBXBuildFile; fileRef = 588CFE881B80030A00916017 /* music_standard.mp3 */; };
		588CFE8B1B80043A00916017 /* AVFoundation.framework in Frameworks */ = {isa = PBXBuildFile; fileRef = 588CFE8A1B80043A00916017 /* AVFoundation.framework */; };
		58AB0D791BDE4A9500D4B336 /* MenuScene.swift in Sources */ = {isa = PBXBuildFile; fileRef = 58AB0D781BDE4A9500D4B336 /* MenuScene.swift */; };
		58AB0D7B1BDE4C6500D4B336 /* GlobalFunctions.swift in Sources */ = {isa = PBXBuildFile; fileRef = 58AB0D7A1BDE4C6500D4B336 /* GlobalFunctions.swift */; };
		58AB0D7D1BDE51C900D4B336 /* MenuSettings.swift in Sources */ = {isa = PBXBuildFile; fileRef = 58AB0D7C1BDE51C900D4B336 /* MenuSettings.swift */; };
		58AB0D811BDE997B00D4B336 /* GoogleService-Info.plist in Resources */ = {isa = PBXBuildFile; fileRef = 58AB0D801BDE997B00D4B336 /* GoogleService-Info.plist */; };
		58BE319E1B7F671300C7940A /* AppDelegate.swift in Sources */ = {isa = PBXBuildFile; fileRef = 58BE319D1B7F671300C7940A /* AppDelegate.swift */; };
		58BE31A21B7F671300C7940A /* GameScene.swift in Sources */ = {isa = PBXBuildFile; fileRef = 58BE31A11B7F671300C7940A /* GameScene.swift */; };
		58BE31A41B7F671300C7940A /* GameViewController.swift in Sources */ = {isa = PBXBuildFile; fileRef = 58BE31A31B7F671300C7940A /* GameViewController.swift */; };
		58BE31A71B7F671300C7940A /* Main.storyboard in Resources */ = {isa = PBXBuildFile; fileRef = 58BE31A51B7F671300C7940A /* Main.storyboard */; };
		58BE31A91B7F671300C7940A /* Images.xcassets in Resources */ = {isa = PBXBuildFile; fileRef = 58BE31A81B7F671300C7940A /* Images.xcassets */; };
		58BE31B81B7F671300C7940A /* HitTheBallTests.swift in Sources */ = {isa = PBXBuildFile; fileRef = 58BE31B71B7F671300C7940A /* HitTheBallTests.swift */; };
		58BE31C21B7F687D00C7940A /* StyleKitName.swift in Sources */ = {isa = PBXBuildFile; fileRef = 58BE31C11B7F687D00C7940A /* StyleKitName.swift */; };
		58BE31C51B7F730800C7940A /* Explosion.sks in Resources */ = {isa = PBXBuildFile; fileRef = 58BE31C31B7F730800C7940A /* Explosion.sks */; };
		58BE31C61B7F730800C7940A /* spark.png in Resources */ = {isa = PBXBuildFile; fileRef = 58BE31C41B7F730800C7940A /* spark.png */; };
		58BE31C81B7F736800C7940A /* Smoke.sks in Resources */ = {isa = PBXBuildFile; fileRef = 58BE31C71B7F736800C7940A /* Smoke.sks */; };
		58BE31CA1B7F737800C7940A /* Fire.sks in Resources */ = {isa = PBXBuildFile; fileRef = 58BE31C91B7F737800C7940A /* Fire.sks */; };
		58BE31D01B7F9B9E00C7940A /* GameKit.framework in Frameworks */ = {isa = PBXBuildFile; fileRef = 58BE31CF1B7F9B9E00C7940A /* GameKit.framework */; };
		58DB3CCB1B8226AC00441F65 /* Launch Screen.storyboard in Resources */ = {isa = PBXBuildFile; fileRef = 58DB3CCA1B8226AC00441F65 /* Launch Screen.storyboard */; };
/* End PBXBuildFile section */

/* Begin PBXContainerItemProxy section */
		58BE31B21B7F671300C7940A /* PBXContainerItemProxy */ = {
			isa = PBXContainerItemProxy;
			containerPortal = 58BE31901B7F671300C7940A /* Project object */;
			proxyType = 1;
			remoteGlobalIDString = 58BE31971B7F671300C7940A;
			remoteInfo = HitTheBall;
		};
/* End PBXContainerItemProxy section */

/* Begin PBXFileReference section */
		580DBE501C25A0DB00D1822B /* Snow.sks */ = {isa = PBXFileReference; lastKnownFileType = file.sks; path = Snow.sks; sourceTree = "<group>"; };
		584AA1DE1BDD1C3A0045E6CA /* AdSupport.framework */ = {isa = PBXFileReference; lastKnownFileType = wrapper.framework; name = AdSupport.framework; path = System/Library/Frameworks/AdSupport.framework; sourceTree = SDKROOT; };
		584AA1E01BDD1C410045E6CA /* AudioToolbox.framework */ = {isa = PBXFileReference; lastKnownFileType = wrapper.framework; name = AudioToolbox.framework; path = System/Library/Frameworks/AudioToolbox.framework; sourceTree = SDKROOT; };
		584AA1E21BDD1C480045E6CA /* CoreGraphics.framework */ = {isa = PBXFileReference; lastKnownFileType = wrapper.framework; name = CoreGraphics.framework; path = System/Library/Frameworks/CoreGraphics.framework; sourceTree = SDKROOT; };
		584AA1E41BDD1C4F0045E6CA /* CoreTelephony.framework */ = {isa = PBXFileReference; lastKnownFileType = wrapper.framework; name = CoreTelephony.framework; path = System/Library/Frameworks/CoreTelephony.framework; sourceTree = SDKROOT; };
		584AA1E61BDD1C5D0045E6CA /* EventKit.framework */ = {isa = PBXFileReference; lastKnownFileType = wrapper.framework; name = EventKit.framework; path = System/Library/Frameworks/EventKit.framework; sourceTree = SDKROOT; };
		584AA1E71BDD1C5D0045E6CA /* EventKitUI.framework */ = {isa = PBXFileReference; lastKnownFileType = wrapper.framework; name = EventKitUI.framework; path = System/Library/Frameworks/EventKitUI.framework; sourceTree = SDKROOT; };
		584AA1EA1BDD1C630045E6CA /* MessageUI.framework */ = {isa = PBXFileReference; lastKnownFileType = wrapper.framework; name = MessageUI.framework; path = System/Library/Frameworks/MessageUI.framework; sourceTree = SDKROOT; };
		584AA1EC1BDD1C6C0045E6CA /* StoreKit.framework */ = {isa = PBXFileReference; lastKnownFileType = wrapper.framework; name = StoreKit.framework; path = System/Library/Frameworks/StoreKit.framework; sourceTree = SDKROOT; };
		584AA1EE1BDD1C710045E6CA /* SystemConfiguration.framework */ = {isa = PBXFileReference; lastKnownFileType = wrapper.framework; name = SystemConfiguration.framework; path = System/Library/Frameworks/SystemConfiguration.framework; sourceTree = SDKROOT; };
		58679E1A1C25B29E00D86008 /* GoogleMobileAds.framework */ = {isa = PBXFileReference; lastKnownFileType = wrapper.framework; name = GoogleMobileAds.framework; path = "SDKs/GoogleMobileAdsSdkiOS-7.6.0/GoogleMobileAds.framework"; sourceTree = "<group>"; };
		588CFE851B8002E600916017 /* Ball_Shot.wav */ = {isa = PBXFileReference; lastKnownFileType = audio.wav; path = Ball_Shot.wav; sourceTree = "<group>"; };
		588CFE881B80030A00916017 /* music_standard.mp3 */ = {isa = PBXFileReference; lastKnownFileType = audio.mp3; path = music_standard.mp3; sourceTree = "<group>"; };
		588CFE8A1B80043A00916017 /* AVFoundation.framework */ = {isa = PBXFileReference; lastKnownFileType = wrapper.framework; name = AVFoundation.framework; path = System/Library/Frameworks/AVFoundation.framework; sourceTree = SDKROOT; };
		58AB0D781BDE4A9500D4B336 /* MenuScene.swift */ = {isa = PBXFileReference; fileEncoding = 4; lastKnownFileType = sourcecode.swift; path = MenuScene.swift; sourceTree = "<group>"; };
		58AB0D7A1BDE4C6500D4B336 /* GlobalFunctions.swift */ = {isa = PBXFileReference; fileEncoding = 4; lastKnownFileType = sourcecode.swift; path = GlobalFunctions.swift; sourceTree = "<group>"; };
		58AB0D7C1BDE51C900D4B336 /* MenuSettings.swift */ = {isa = PBXFileReference; fileEncoding = 4; lastKnownFileType = sourcecode.swift; path = MenuSettings.swift; sourceTree = "<group>"; };
		58AB0D801BDE997B00D4B336 /* GoogleService-Info.plist */ = {isa = PBXFileReference; fileEncoding = 4; lastKnownFileType = text.plist.xml; path = "GoogleService-Info.plist"; sourceTree = "<group>"; };
		58BE31981B7F671300C7940A /* HitTheBall.app */ = {isa = PBXFileReference; explicitFileType = wrapper.application; includeInIndex = 0; path = HitTheBall.app; sourceTree = BUILT_PRODUCTS_DIR; };
		58BE319D1B7F671300C7940A /* AppDelegate.swift */ = {isa = PBXFileReference; lastKnownFileType = sourcecode.swift; path = AppDelegate.swift; sourceTree = "<group>"; };
		58BE31A11B7F671300C7940A /* GameScene.swift */ = {isa = PBXFileReference; lastKnownFileType = sourcecode.swift; path = GameScene.swift; sourceTree = "<group>"; };
		58BE31A31B7F671300C7940A /* GameViewController.swift */ = {isa = PBXFileReference; lastKnownFileType = sourcecode.swift; path = GameViewController.swift; sourceTree = "<group>"; };
		58BE31A61B7F671300C7940A /* Base */ = {isa = PBXFileReference; lastKnownFileType = file.storyboard; name = Base; path = Base.lproj/Main.storyboard; sourceTree = "<group>"; };
		58BE31A81B7F671300C7940A /* Images.xcassets */ = {isa = PBXFileReference; lastKnownFileType = folder.assetcatalog; path = Images.xcassets; sourceTree = "<group>"; };
		58BE31B11B7F671300C7940A /* HitTheBallTests.xctest */ = {isa = PBXFileReference; explicitFileType = wrapper.cfbundle; includeInIndex = 0; path = HitTheBallTests.xctest; sourceTree = BUILT_PRODUCTS_DIR; };
		58BE31B61B7F671300C7940A /* Info.plist */ = {isa = PBXFileReference; lastKnownFileType = text.plist.xml; path = Info.plist; sourceTree = "<group>"; };
		58BE31B71B7F671300C7940A /* HitTheBallTests.swift */ = {isa = PBXFileReference; lastKnownFileType = sourcecode.swift; path = HitTheBallTests.swift; sourceTree = "<group>"; };
		58BE31C11B7F687D00C7940A /* StyleKitName.swift */ = {isa = PBXFileReference; fileEncoding = 4; lastKnownFileType = sourcecode.swift; path = StyleKitName.swift; sourceTree = "<group>"; };
		58BE31C31B7F730800C7940A /* Explosion.sks */ = {isa = PBXFileReference; lastKnownFileType = file.sks; path = Explosion.sks; sourceTree = "<group>"; };
		58BE31C41B7F730800C7940A /* spark.png */ = {isa = PBXFileReference; lastKnownFileType = image.png; path = spark.png; sourceTree = "<group>"; };
		58BE31C71B7F736800C7940A /* Smoke.sks */ = {isa = PBXFileReference; lastKnownFileType = file.sks; path = Smoke.sks; sourceTree = "<group>"; };
		58BE31C91B7F737800C7940A /* Fire.sks */ = {isa = PBXFileReference; lastKnownFileType = file.sks; path = Fire.sks; sourceTree = "<group>"; };
		58BE31CC1B7F947700C7940A /* iAd.framework */ = {isa = PBXFileReference; lastKnownFileType = wrapper.framework; name = iAd.framework; path = System/Library/Frameworks/iAd.framework; sourceTree = SDKROOT; };
		58BE31CE1B7F9B9A00C7940A /* HitTheBall.entitlements */ = {isa = PBXFileReference; lastKnownFileType = text.xml; path = HitTheBall.entitlements; sourceTree = "<group>"; };
		58BE31CF1B7F9B9E00C7940A /* GameKit.framework */ = {isa = PBXFileReference; lastKnownFileType = wrapper.framework; name = GameKit.framework; path = System/Library/Frameworks/GameKit.framework; sourceTree = SDKROOT; };
		58DB3CCA1B8226AC00441F65 /* Launch Screen.storyboard */ = {isa = PBXFileReference; fileEncoding = 4; lastKnownFileType = file.storyboard; path = "Launch Screen.storyboard"; sourceTree = "<group>"; };
/* End PBXFileReference section */

/* Begin PBXFrameworksBuildPhase section */
		58BE31951B7F671300C7940A /* Frameworks */ = {
			isa = PBXFrameworksBuildPhase;
			buildActionMask = 2147483647;
			files = (
				58679E1B1C25B29E00D86008 /* GoogleMobileAds.framework in Frameworks */,
				584AA1EF1BDD1C710045E6CA /* SystemConfiguration.framework in Frameworks */,
				584AA1ED1BDD1C6C0045E6CA /* StoreKit.framework in Frameworks */,
				584AA1EB1BDD1C630045E6CA /* MessageUI.framework in Frameworks */,
				584AA1E81BDD1C5D0045E6CA /* EventKit.framework in Frameworks */,
				584AA1E91BDD1C5D0045E6CA /* EventKitUI.framework in Frameworks */,
				584AA1E51BDD1C4F0045E6CA /* CoreTelephony.framework in Frameworks */,
				584AA1E31BDD1C480045E6CA /* CoreGraphics.framework in Frameworks */,
				584AA1E11BDD1C410045E6CA /* AudioToolbox.framework in Frameworks */,
				584AA1DF1BDD1C3A0045E6CA /* AdSupport.framework in Frameworks */,
				588CFE8B1B80043A00916017 /* AVFoundation.framework in Frameworks */,
				58BE31D01B7F9B9E00C7940A /* GameKit.framework in Frameworks */,
			);
			runOnlyForDeploymentPostprocessing = 0;
		};
		58BE31AE1B7F671300C7940A /* Frameworks */ = {
			isa = PBXFrameworksBuildPhase;
			buildActionMask = 2147483647;
			files = (
			);
			runOnlyForDeploymentPostprocessing = 0;
		};
/* End PBXFrameworksBuildPhase section */

/* Begin PBXGroup section */
		588CFE871B8002EC00916017 /* Sounds */ = {
			isa = PBXGroup;
			children = (
				588CFE881B80030A00916017 /* music_standard.mp3 */,
				588CFE851B8002E600916017 /* Ball_Shot.wav */,
			);
			name = Sounds;
			sourceTree = "<group>";
		};
		58AB0D7E1BDE51D400D4B336 /* Menu */ = {
			isa = PBXGroup;
			children = (
				58AB0D781BDE4A9500D4B336 /* MenuScene.swift */,
				58AB0D7C1BDE51C900D4B336 /* MenuSettings.swift */,
			);
			name = Menu;
			sourceTree = "<group>";
		};
		58AB0D7F1BDE8A9000D4B336 /* Frameworks */ = {
			isa = PBXGroup;
			children = (
				58679E1A1C25B29E00D86008 /* GoogleMobileAds.framework */,
				584AA1EE1BDD1C710045E6CA /* SystemConfiguration.framework */,
				584AA1EC1BDD1C6C0045E6CA /* StoreKit.framework */,
				584AA1EA1BDD1C630045E6CA /* MessageUI.framework */,
				584AA1E61BDD1C5D0045E6CA /* EventKit.framework */,
				584AA1E71BDD1C5D0045E6CA /* EventKitUI.framework */,
				584AA1E41BDD1C4F0045E6CA /* CoreTelephony.framework */,
				584AA1E21BDD1C480045E6CA /* CoreGraphics.framework */,
				584AA1E01BDD1C410045E6CA /* AudioToolbox.framework */,
				584AA1DE1BDD1C3A0045E6CA /* AdSupport.framework */,
				588CFE8A1B80043A00916017 /* AVFoundation.framework */,
				58BE31CF1B7F9B9E00C7940A /* GameKit.framework */,
				58BE31CC1B7F947700C7940A /* iAd.framework */,
			);
			name = Frameworks;
			sourceTree = "<group>";
		};
		58BE318F1B7F671300C7940A = {
			isa = PBXGroup;
			children = (
				58AB0D7F1BDE8A9000D4B336 /* Frameworks */,
				58BE319A1B7F671300C7940A /* HitTheBall */,
				58BE31B41B7F671300C7940A /* HitTheBallTests */,
				58BE31991B7F671300C7940A /* Products */,
			);
			sourceTree = "<group>";
		};
		58BE31991B7F671300C7940A /* Products */ = {
			isa = PBXGroup;
			children = (
				58BE31981B7F671300C7940A /* HitTheBall.app */,
				58BE31B11B7F671300C7940A /* HitTheBallTests.xctest */,
			);
			name = Products;
			sourceTree = "<group>";
		};
		58BE319A1B7F671300C7940A /* HitTheBall */ = {
			isa = PBXGroup;
			children = (
				58BE31CE1B7F9B9A00C7940A /* HitTheBall.entitlements */,
				58BE319D1B7F671300C7940A /* AppDelegate.swift */,
				58BE31C11B7F687D00C7940A /* StyleKitName.swift */,
				58AB0D7E1BDE51D400D4B336 /* Menu */,
				58BE31A11B7F671300C7940A /* GameScene.swift */,
				58AB0D7A1BDE4C6500D4B336 /* GlobalFunctions.swift */,
				58BE31A31B7F671300C7940A /* GameViewController.swift */,
				58BE31A51B7F671300C7940A /* Main.storyboard */,
				58DB3CCA1B8226AC00441F65 /* Launch Screen.storyboard */,
				58BE31A81B7F671300C7940A /* Images.xcassets */,
				588CFE871B8002EC00916017 /* Sounds */,
				58BE31CB1B7F737F00C7940A /* Particle Effects */,
			);
			path = HitTheBall;
			sourceTree = "<group>";
		};
		58BE31B41B7F671300C7940A /* HitTheBallTests */ = {
			isa = PBXGroup;
			children = (
				58BE31B71B7F671300C7940A /* HitTheBallTests.swift */,
				58BE31B51B7F671300C7940A /* Supporting Files */,
			);
			path = HitTheBallTests;
			sourceTree = "<group>";
		};
		58BE31B51B7F671300C7940A /* Supporting Files */ = {
			isa = PBXGroup;
			children = (
				58AB0D801BDE997B00D4B336 /* GoogleService-Info.plist */,
				58BE31B61B7F671300C7940A /* Info.plist */,
			);
			name = "Supporting Files";
			sourceTree = "<group>";
		};
		58BE31CB1B7F737F00C7940A /* Particle Effects */ = {
			isa = PBXGroup;
			children = (
				58BE31C31B7F730800C7940A /* Explosion.sks */,
				58BE31C91B7F737800C7940A /* Fire.sks */,
				58BE31C71B7F736800C7940A /* Smoke.sks */,
				580DBE501C25A0DB00D1822B /* Snow.sks */,
				58BE31C41B7F730800C7940A /* spark.png */,
			);
			name = "Particle Effects";
			sourceTree = "<group>";
		};
/* End PBXGroup section */

/* Begin PBXNativeTarget section */
		58BE31971B7F671300C7940A /* HitTheBall */ = {
			isa = PBXNativeTarget;
			buildConfigurationList = 58BE31BB1B7F671300C7940A /* Build configuration list for PBXNativeTarget "HitTheBall" */;
			buildPhases = (
				58BE31941B7F671300C7940A /* Sources */,
				58BE31951B7F671300C7940A /* Frameworks */,
				58BE31961B7F671300C7940A /* Resources */,
			);
			buildRules = (
			);
			dependencies = (
			);
			name = HitTheBall;
			productName = HitTheBall;
			productReference = 58BE31981B7F671300C7940A /* HitTheBall.app */;
			productType = "com.apple.product-type.application";
		};
		58BE31B01B7F671300C7940A /* HitTheBallTests */ = {
			isa = PBXNativeTarget;
			buildConfigurationList = 58BE31BE1B7F671300C7940A /* Build configuration list for PBXNativeTarget "HitTheBallTests" */;
			buildPhases = (
				58BE31AD1B7F671300C7940A /* Sources */,
				58BE31AE1B7F671300C7940A /* Frameworks */,
				58BE31AF1B7F671300C7940A /* Resources */,
			);
			buildRules = (
			);
			dependencies = (
				58BE31B31B7F671300C7940A /* PBXTargetDependency */,
			);
			name = HitTheBallTests;
			productName = HitTheBallTests;
			productReference = 58BE31B11B7F671300C7940A /* HitTheBallTests.xctest */;
			productType = "com.apple.product-type.bundle.unit-test";
		};
/* End PBXNativeTarget section */

/* Begin PBXProject section */
		58BE31901B7F671300C7940A /* Project object */ = {
			isa = PBXProject;
			attributes = {
				LastSwiftMigration = 0700;
				LastSwiftUpdateCheck = 0700;
				LastUpgradeCheck = 0700;
				ORGANIZATIONNAME = "Daniel Peters";
				TargetAttributes = {
					58BE31971B7F671300C7940A = {
						CreatedOnToolsVersion = 6.4;
						DevelopmentTeam = GXGTL94Z38;
						SystemCapabilities = {
							com.apple.GameCenter = {
								enabled = 1;
							};
							com.apple.InAppPurchase = {
								enabled = 1;
							};
							com.apple.iCloud = {
								enabled = 1;
							};
						};
					};
					58BE31B01B7F671300C7940A = {
						CreatedOnToolsVersion = 6.4;
						TestTargetID = 58BE31971B7F671300C7940A;
					};
				};
			};
			buildConfigurationList = 58BE31931B7F671300C7940A /* Build configuration list for PBXProject "HitTheBall" */;
			compatibilityVersion = "Xcode 3.2";
			developmentRegion = English;
			hasScannedForEncodings = 0;
			knownRegions = (
				en,
				Base,
			);
			mainGroup = 58BE318F1B7F671300C7940A;
			productRefGroup = 58BE31991B7F671300C7940A /* Products */;
			projectDirPath = "";
			projectRoot = "";
			targets = (
				58BE31971B7F671300C7940A /* HitTheBall */,
				58BE31B01B7F671300C7940A /* HitTheBallTests */,
			);
		};
/* End PBXProject section */

/* Begin PBXResourcesBuildPhase section */
		58BE31961B7F671300C7940A /* Resources */ = {
			isa = PBXResourcesBuildPhase;
			buildActionMask = 2147483647;
			files = (
				58BE31CA1B7F737800C7940A /* Fire.sks in Resources */,
				588CFE891B80030A00916017 /* music_standard.mp3 in Resources */,
				588CFE861B8002E600916017 /* Ball_Shot.wav in Resources */,
				58DB3CCB1B8226AC00441F65 /* Launch Screen.storyboard in Resources */,
				58BE31C61B7F730800C7940A /* spark.png in Resources */,
				58BE31C51B7F730800C7940A /* Explosion.sks in Resources */,
				58BE31A91B7F671300C7940A /* Images.xcassets in Resources */,
				58BE31A71B7F671300C7940A /* Main.storyboard in Resources */,
				580DBE511C25A0DC00D1822B /* Snow.sks in Resources */,
				58BE31C81B7F736800C7940A /* Smoke.sks in Resources */,
			);
			runOnlyForDeploymentPostprocessing = 0;
		};
		58BE31AF1B7F671300C7940A /* Resources */ = {
			isa = PBXResourcesBuildPhase;
			buildActionMask = 2147483647;
			files = (
				58AB0D811BDE997B00D4B336 /* GoogleService-Info.plist in Resources */,
			);
			runOnlyForDeploymentPostprocessing = 0;
		};
/* End PBXResourcesBuildPhase section */

/* Begin PBXSourcesBuildPhase section */
		58BE31941B7F671300C7940A /* Sources */ = {
			isa = PBXSourcesBuildPhase;
			buildActionMask = 2147483647;
			files = (
				58BE31A21B7F671300C7940A /* GameScene.swift in Sources */,
				58BE31A41B7F671300C7940A /* GameViewController.swift in Sources */,
				58AB0D7B1BDE4C6500D4B336 /* GlobalFunctions.swift in Sources */,
				58AB0D791BDE4A9500D4B336 /* MenuScene.swift in Sources */,
				58BE319E1B7F671300C7940A /* AppDelegate.swift in Sources */,
				58AB0D7D1BDE51C900D4B336 /* MenuSettings.swift in Sources */,
				58BE31C21B7F687D00C7940A /* StyleKitName.swift in Sources */,
			);
			runOnlyForDeploymentPostprocessing = 0;
		};
		58BE31AD1B7F671300C7940A /* Sources */ = {
			isa = PBXSourcesBuildPhase;
			buildActionMask = 2147483647;
			files = (
				58BE31B81B7F671300C7940A /* HitTheBallTests.swift in Sources */,
			);
			runOnlyForDeploymentPostprocessing = 0;
		};
/* End PBXSourcesBuildPhase section */

/* Begin PBXTargetDependency section */
		58BE31B31B7F671300C7940A /* PBXTargetDependency */ = {
			isa = PBXTargetDependency;
			target = 58BE31971B7F671300C7940A /* HitTheBall */;
			targetProxy = 58BE31B21B7F671300C7940A /* PBXContainerItemProxy */;
		};
/* End PBXTargetDependency section */

/* Begin PBXVariantGroup section */
		58BE31A51B7F671300C7940A /* Main.storyboard */ = {
			isa = PBXVariantGroup;
			children = (
				58BE31A61B7F671300C7940A /* Base */,
			);
			name = Main.storyboard;
			sourceTree = "<group>";
		};
/* End PBXVariantGroup section */

/* Begin XCBuildConfiguration section */
		58BE31B91B7F671300C7940A /* Debug */ = {
			isa = XCBuildConfiguration;
			buildSettings = {
				ALWAYS_SEARCH_USER_PATHS = NO;
				CLANG_CXX_LANGUAGE_STANDARD = "gnu++0x";
				CLANG_CXX_LIBRARY = "libc++";
				CLANG_ENABLE_MODULES = YES;
				CLANG_ENABLE_OBJC_ARC = YES;
				CLANG_WARN_BOOL_CONVERSION = YES;
				CLANG_WARN_CONSTANT_CONVERSION = YES;
				CLANG_WARN_DIRECT_OBJC_ISA_USAGE = YES_ERROR;
				CLANG_WARN_EMPTY_BODY = YES;
				CLANG_WARN_ENUM_CONVERSION = YES;
				CLANG_WARN_INT_CONVERSION = YES;
				CLANG_WARN_OBJC_ROOT_CLASS = YES_ERROR;
				CLANG_WARN_UNREACHABLE_CODE = YES;
				CLANG_WARN__DUPLICATE_METHOD_MATCH = YES;
				"CODE_SIGN_IDENTITY[sdk=iphoneos*]" = "iPhone Developer";
				COPY_PHASE_STRIP = NO;
				DEBUG_INFORMATION_FORMAT = "dwarf-with-dsym";
				ENABLE_BITCODE = NO;
				ENABLE_STRICT_OBJC_MSGSEND = YES;
				ENABLE_TESTABILITY = YES;
				GCC_C_LANGUAGE_STANDARD = gnu99;
				GCC_DYNAMIC_NO_PIC = NO;
				GCC_NO_COMMON_BLOCKS = YES;
				GCC_OPTIMIZATION_LEVEL = 0;
				GCC_PREPROCESSOR_DEFINITIONS = (
					"DEBUG=1",
					"$(inherited)",
				);
				GCC_SYMBOLS_PRIVATE_EXTERN = NO;
				GCC_WARN_64_TO_32_BIT_CONVERSION = YES;
				GCC_WARN_ABOUT_RETURN_TYPE = YES_ERROR;
				GCC_WARN_UNDECLARED_SELECTOR = YES;
				GCC_WARN_UNINITIALIZED_AUTOS = YES_AGGRESSIVE;
				GCC_WARN_UNUSED_FUNCTION = YES;
				GCC_WARN_UNUSED_VARIABLE = YES;
				IPHONEOS_DEPLOYMENT_TARGET = 8.4;
				MTL_ENABLE_DEBUG_INFO = YES;
				ONLY_ACTIVE_ARCH = YES;
				SDKROOT = iphoneos;
				SWIFT_OPTIMIZATION_LEVEL = "-Onone";
				TARGETED_DEVICE_FAMILY = "1,2";
			};
			name = Debug;
		};
		58BE31BA1B7F671300C7940A /* Release */ = {
			isa = XCBuildConfiguration;
			buildSettings = {
				ALWAYS_SEARCH_USER_PATHS = NO;
				CLANG_CXX_LANGUAGE_STANDARD = "gnu++0x";
				CLANG_CXX_LIBRARY = "libc++";
				CLANG_ENABLE_MODULES = YES;
				CLANG_ENABLE_OBJC_ARC = YES;
				CLANG_WARN_BOOL_CONVERSION = YES;
				CLANG_WARN_CONSTANT_CONVERSION = YES;
				CLANG_WARN_DIRECT_OBJC_ISA_USAGE = YES_ERROR;
				CLANG_WARN_EMPTY_BODY = YES;
				CLANG_WARN_ENUM_CONVERSION = YES;
				CLANG_WARN_INT_CONVERSION = YES;
				CLANG_WARN_OBJC_ROOT_CLASS = YES_ERROR;
				CLANG_WARN_UNREACHABLE_CODE = YES;
				CLANG_WARN__DUPLICATE_METHOD_MATCH = YES;
				"CODE_SIGN_IDENTITY[sdk=iphoneos*]" = "iPhone Developer";
				COPY_PHASE_STRIP = NO;
				DEBUG_INFORMATION_FORMAT = "dwarf-with-dsym";
				ENABLE_BITCODE = NO;
				ENABLE_NS_ASSERTIONS = NO;
				ENABLE_STRICT_OBJC_MSGSEND = YES;
				GCC_C_LANGUAGE_STANDARD = gnu99;
				GCC_NO_COMMON_BLOCKS = YES;
				GCC_WARN_64_TO_32_BIT_CONVERSION = YES;
				GCC_WARN_ABOUT_RETURN_TYPE = YES_ERROR;
				GCC_WARN_UNDECLARED_SELECTOR = YES;
				GCC_WARN_UNINITIALIZED_AUTOS = YES_AGGRESSIVE;
				GCC_WARN_UNUSED_FUNCTION = YES;
				GCC_WARN_UNUSED_VARIABLE = YES;
				IPHONEOS_DEPLOYMENT_TARGET = 8.4;
				MTL_ENABLE_DEBUG_INFO = NO;
				SDKROOT = iphoneos;
				TARGETED_DEVICE_FAMILY = "1,2";
				VALIDATE_PRODUCT = YES;
			};
			name = Release;
		};
		58BE31BC1B7F671300C7940A /* Debug */ = {
			isa = XCBuildConfiguration;
			buildSettings = {
				ASSETCATALOG_COMPILER_APPICON_NAME = AppIcon;
				ASSETCATALOG_COMPILER_LAUNCHIMAGE_NAME = LaunchImage;
				CODE_SIGN_ENTITLEMENTS = HitTheBall/HitTheBall.entitlements;
				CODE_SIGN_IDENTITY = "iPhone Developer";
				"CODE_SIGN_IDENTITY[sdk=iphoneos*]" = "iPhone Developer";
				FRAMEWORK_SEARCH_PATHS = "$(PROJECT_DIR)/SDKs/GoogleMobileAdsSdkiOS-7.6.0";
				INFOPLIST_FILE = HitTheBall/Info.plist;
				IPHONEOS_DEPLOYMENT_TARGET = 8.0;
				LD_RUNPATH_SEARCH_PATHS = "$(inherited) @executable_path/Frameworks";
				LIBRARY_SEARCH_PATHS = "";
				PRODUCT_BUNDLE_IDENTIFIER = TapAdventures.HitTheBall;
				PRODUCT_NAME = "$(TARGET_NAME)";
				PROVISIONING_PROFILE = "";
				TARGETED_DEVICE_FAMILY = 1;
			};
			name = Debug;
		};
		58BE31BD1B7F671300C7940A /* Release */ = {
			isa = XCBuildConfiguration;
			buildSettings = {
				ASSETCATALOG_COMPILER_APPICON_NAME = AppIcon;
				ASSETCATALOG_COMPILER_LAUNCHIMAGE_NAME = LaunchImage;
				CODE_SIGN_ENTITLEMENTS = HitTheBall/HitTheBall.entitlements;
				CODE_SIGN_IDENTITY = "iPhone Developer";
				"CODE_SIGN_IDENTITY[sdk=iphoneos*]" = "iPhone Developer";
				FRAMEWORK_SEARCH_PATHS = "$(PROJECT_DIR)/SDKs/GoogleMobileAdsSdkiOS-7.6.0";
				INFOPLIST_FILE = HitTheBall/Info.plist;
				IPHONEOS_DEPLOYMENT_TARGET = 8.0;
				LD_RUNPATH_SEARCH_PATHS = "$(inherited) @executable_path/Frameworks";
				LIBRARY_SEARCH_PATHS = "";
				PRODUCT_BUNDLE_IDENTIFIER = TapAdventures.HitTheBall;
				PRODUCT_NAME = "$(TARGET_NAME)";
				PROVISIONING_PROFILE = "";
				TARGETED_DEVICE_FAMILY = 1;
			};
			name = Release;
		};
		58BE31BF1B7F671300C7940A /* Debug */ = {
			isa = XCBuildConfiguration;
			buildSettings = {
				BUNDLE_LOADER = "$(TEST_HOST)";
				FRAMEWORK_SEARCH_PATHS = (
					"$(SDKROOT)/Developer/Library/Frameworks",
					"$(inherited)",
				);
				GCC_PREPROCESSOR_DEFINITIONS = (
					"DEBUG=1",
					"$(inherited)",
				);
				INFOPLIST_FILE = HitTheBallTests/Info.plist;
				LD_RUNPATH_SEARCH_PATHS = "$(inherited) @executable_path/Frameworks @loader_path/Frameworks";
				PRODUCT_BUNDLE_IDENTIFIER = "TapAdventures.$(PRODUCT_NAME:rfc1034identifier)";
				PRODUCT_NAME = "$(TARGET_NAME)";
				TEST_HOST = "$(BUILT_PRODUCTS_DIR)/HitTheBall.app/HitTheBall";
			};
			name = Debug;
		};
		58BE31C01B7F671300C7940A /* Release */ = {
			isa = XCBuildConfiguration;
			buildSettings = {
				BUNDLE_LOADER = "$(TEST_HOST)";
				FRAMEWORK_SEARCH_PATHS = (
					"$(SDKROOT)/Developer/Library/Frameworks",
					"$(inherited)",
				);
				INFOPLIST_FILE = HitTheBallTests/Info.plist;
				LD_RUNPATH_SEARCH_PATHS = "$(inherited) @executable_path/Frameworks @loader_path/Frameworks";
				PRODUCT_BUNDLE_IDENTIFIER = "TapAdventures.$(PRODUCT_NAME:rfc1034identifier)";
				PRODUCT_NAME = "$(TARGET_NAME)";
				TEST_HOST = "$(BUILT_PRODUCTS_DIR)/HitTheBall.app/HitTheBall";
			};
			name = Release;
		};
/* End XCBuildConfiguration section */

/* Begin XCConfigurationList section */
		58BE31931B7F671300C7940A /* Build configuration list for PBXProject "HitTheBall" */ = {
			isa = XCConfigurationList;
			buildConfigurations = (
				58BE31B91B7F671300C7940A /* Debug */,
				58BE31BA1B7F671300C7940A /* Release */,
			);
			defaultConfigurationIsVisible = 0;
			defaultConfigurationName = Release;
		};
		58BE31BB1B7F671300C7940A /* Build configuration list for PBXNativeTarget "HitTheBall" */ = {
			isa = XCConfigurationList;
			buildConfigurations = (
				58BE31BC1B7F671300C7940A /* Debug */,
				58BE31BD1B7F671300C7940A /* Release */,
			);
			defaultConfigurationIsVisible = 0;
			defaultConfigurationName = Release;
		};
		58BE31BE1B7F671300C7940A /* Build configuration list for PBXNativeTarget "HitTheBallTests" */ = {
			isa = XCConfigurationList;
			buildConfigurations = (
				58BE31BF1B7F671300C7940A /* Debug */,
				58BE31C01B7F671300C7940A /* Release */,
			);
			defaultConfigurationIsVisible = 0;
			defaultConfigurationName = Release;
		};
/* End XCConfigurationList section */
	};
	rootObject = 58BE31901B7F671300C7940A /* Project object */;
}
